// !$*UTF8*$!
{
	archiveVersion = 1;
	classes = {
	};
	objectVersion = 50;
	objects = {

/* Begin PBXBuildFile section */
		FF7EDF002C670C1A00055C43 /* Tests_iOS.swift in Sources */ = {isa = PBXBuildFile; fileRef = FF7EDEFF2C670C1A00055C43 /* Tests_iOS.swift */; };
		FF7EDF0B2C670C1A00055C43 /* Tests_macOS.swift in Sources */ = {isa = PBXBuildFile; fileRef = FF7EDF0A2C670C1A00055C43 /* Tests_macOS.swift */; };
		FF7EDF0D2C670C1A00055C43 /* FocusFlowApp.swift in Sources */ = {isa = PBXBuildFile; fileRef = FF7EDEE42C670C1000055C43 /* FocusFlowApp.swift */; };
		FF7EDF0E2C670C1A00055C43 /* FocusFlowApp.swift in Sources */ = {isa = PBXBuildFile; fileRef = FF7EDEE42C670C1000055C43 /* FocusFlowApp.swift */; };
		FF7EDF112C670C1A00055C43 /* Assets.xcassets in Resources */ = {isa = PBXBuildFile; fileRef = FF7EDEE62C670C1A00055C43 /* Assets.xcassets */; };
		FF7EDF122C670C1A00055C43 /* Assets.xcassets in Resources */ = {isa = PBXBuildFile; fileRef = FF7EDEE62C670C1A00055C43 /* Assets.xcassets */; };
		FF7EDF252C670C7A00055C43 /* Task.swift in Sources */ = {isa = PBXBuildFile; fileRef = FF7EDF212C670C7A00055C43 /* Task.swift */; };
		FF7EDF262C670C7A00055C43 /* Task.swift in Sources */ = {isa = PBXBuildFile; fileRef = FF7EDF212C670C7A00055C43 /* Task.swift */; };
		FF7EDF272C670C7A00055C43 /* TaskCreationView.swift in Sources */ = {isa = PBXBuildFile; fileRef = FF7EDF222C670C7A00055C43 /* TaskCreationView.swift */; };
		FF7EDF282C670C7A00055C43 /* TaskCreationView.swift in Sources */ = {isa = PBXBuildFile; fileRef = FF7EDF222C670C7A00055C43 /* TaskCreationView.swift */; };
		FF7EDF292C670C7A00055C43 /* TaskListView.swift in Sources */ = {isa = PBXBuildFile; fileRef = FF7EDF232C670C7A00055C43 /* TaskListView.swift */; };
		FF7EDF2A2C670C7A00055C43 /* TaskListView.swift in Sources */ = {isa = PBXBuildFile; fileRef = FF7EDF232C670C7A00055C43 /* TaskListView.swift */; };
		FF7EDF2B2C670C7A00055C43 /* MainScreenView.swift in Sources */ = {isa = PBXBuildFile; fileRef = FF7EDF242C670C7A00055C43 /* MainScreenView.swift */; };
		FF7EDF2C2C670C7A00055C43 /* MainScreenView.swift in Sources */ = {isa = PBXBuildFile; fileRef = FF7EDF242C670C7A00055C43 /* MainScreenView.swift */; };
		FFBDB4D42C67260300574B1C /* CountdownView.swift in Sources */ = {isa = PBXBuildFile; fileRef = FFBDB4D32C67260300574B1C /* CountdownView.swift */; };
		FFBDB4D52C67260300574B1C /* CountdownView.swift in Sources */ = {isa = PBXBuildFile; fileRef = FFBDB4D32C67260300574B1C /* CountdownView.swift */; };
/* End PBXBuildFile section */

/* Begin PBXContainerItemProxy section */
		FF7EDEFC2C670C1A00055C43 /* PBXContainerItemProxy */ = {
			isa = PBXContainerItemProxy;
			containerPortal = FF7EDEDF2C670C0F00055C43 /* Project object */;
			proxyType = 1;
			remoteGlobalIDString = FF7EDEEA2C670C1A00055C43;
			remoteInfo = "FocusFlow (iOS)";
		};
		FF7EDF072C670C1A00055C43 /* PBXContainerItemProxy */ = {
			isa = PBXContainerItemProxy;
			containerPortal = FF7EDEDF2C670C0F00055C43 /* Project object */;
			proxyType = 1;
			remoteGlobalIDString = FF7EDEF22C670C1A00055C43;
			remoteInfo = "FocusFlow (macOS)";
		};
/* End PBXContainerItemProxy section */

/* Begin PBXFileReference section */
		FF7EDEE42C670C1000055C43 /* FocusFlowApp.swift */ = {isa = PBXFileReference; lastKnownFileType = sourcecode.swift; path = FocusFlowApp.swift; sourceTree = "<group>"; };
		FF7EDEE62C670C1A00055C43 /* Assets.xcassets */ = {isa = PBXFileReference; lastKnownFileType = folder.assetcatalog; path = Assets.xcassets; sourceTree = "<group>"; };
		FF7EDEEB2C670C1A00055C43 /* FocusFlow.app */ = {isa = PBXFileReference; explicitFileType = wrapper.application; includeInIndex = 0; path = FocusFlow.app; sourceTree = BUILT_PRODUCTS_DIR; };
		FF7EDEEE2C670C1A00055C43 /* Info.plist */ = {isa = PBXFileReference; lastKnownFileType = text.plist.xml; path = Info.plist; sourceTree = "<group>"; };
		FF7EDEF32C670C1A00055C43 /* FocusFlow.app */ = {isa = PBXFileReference; explicitFileType = wrapper.application; includeInIndex = 0; path = FocusFlow.app; sourceTree = BUILT_PRODUCTS_DIR; };
		FF7EDEF52C670C1A00055C43 /* Info.plist */ = {isa = PBXFileReference; lastKnownFileType = text.plist.xml; path = Info.plist; sourceTree = "<group>"; };
		FF7EDEF62C670C1A00055C43 /* macOS.entitlements */ = {isa = PBXFileReference; lastKnownFileType = text.plist.entitlements; path = macOS.entitlements; sourceTree = "<group>"; };
		FF7EDEFB2C670C1A00055C43 /* Tests iOS.xctest */ = {isa = PBXFileReference; explicitFileType = wrapper.cfbundle; includeInIndex = 0; path = "Tests iOS.xctest"; sourceTree = BUILT_PRODUCTS_DIR; };
		FF7EDEFF2C670C1A00055C43 /* Tests_iOS.swift */ = {isa = PBXFileReference; lastKnownFileType = sourcecode.swift; path = Tests_iOS.swift; sourceTree = "<group>"; };
		FF7EDF012C670C1A00055C43 /* Info.plist */ = {isa = PBXFileReference; lastKnownFileType = text.plist.xml; path = Info.plist; sourceTree = "<group>"; };
		FF7EDF062C670C1A00055C43 /* Tests macOS.xctest */ = {isa = PBXFileReference; explicitFileType = wrapper.cfbundle; includeInIndex = 0; path = "Tests macOS.xctest"; sourceTree = BUILT_PRODUCTS_DIR; };
		FF7EDF0A2C670C1A00055C43 /* Tests_macOS.swift */ = {isa = PBXFileReference; lastKnownFileType = sourcecode.swift; path = Tests_macOS.swift; sourceTree = "<group>"; };
		FF7EDF0C2C670C1A00055C43 /* Info.plist */ = {isa = PBXFileReference; lastKnownFileType = text.plist.xml; path = Info.plist; sourceTree = "<group>"; };
		FF7EDF212C670C7A00055C43 /* Task.swift */ = {isa = PBXFileReference; fileEncoding = 4; lastKnownFileType = sourcecode.swift; path = Task.swift; sourceTree = "<group>"; };
		FF7EDF222C670C7A00055C43 /* TaskCreationView.swift */ = {isa = PBXFileReference; fileEncoding = 4; lastKnownFileType = sourcecode.swift; path = TaskCreationView.swift; sourceTree = "<group>"; };
		FF7EDF232C670C7A00055C43 /* TaskListView.swift */ = {isa = PBXFileReference; fileEncoding = 4; lastKnownFileType = sourcecode.swift; path = TaskListView.swift; sourceTree = "<group>"; };
		FF7EDF242C670C7A00055C43 /* MainScreenView.swift */ = {isa = PBXFileReference; fileEncoding = 4; lastKnownFileType = sourcecode.swift; path = MainScreenView.swift; sourceTree = "<group>"; };
		FFBDB4D32C67260300574B1C /* CountdownView.swift */ = {isa = PBXFileReference; lastKnownFileType = sourcecode.swift; path = CountdownView.swift; sourceTree = "<group>"; };
/* End PBXFileReference section */

/* Begin PBXFrameworksBuildPhase section */
		FF7EDEE82C670C1A00055C43 /* Frameworks */ = {
			isa = PBXFrameworksBuildPhase;
			buildActionMask = 2147483647;
			files = (
			);
			runOnlyForDeploymentPostprocessing = 0;
		};
		FF7EDEF02C670C1A00055C43 /* Frameworks */ = {
			isa = PBXFrameworksBuildPhase;
			buildActionMask = 2147483647;
			files = (
			);
			runOnlyForDeploymentPostprocessing = 0;
		};
		FF7EDEF82C670C1A00055C43 /* Frameworks */ = {
			isa = PBXFrameworksBuildPhase;
			buildActionMask = 2147483647;
			files = (
			);
			runOnlyForDeploymentPostprocessing = 0;
		};
		FF7EDF032C670C1A00055C43 /* Frameworks */ = {
			isa = PBXFrameworksBuildPhase;
			buildActionMask = 2147483647;
			files = (
			);
			runOnlyForDeploymentPostprocessing = 0;
		};
/* End PBXFrameworksBuildPhase section */

/* Begin PBXGroup section */
		FF7EDEDE2C670C0F00055C43 = {
			isa = PBXGroup;
			children = (
				FF7EDEE32C670C1000055C43 /* Shared */,
				FF7EDEED2C670C1A00055C43 /* iOS */,
				FF7EDEF42C670C1A00055C43 /* macOS */,
				FF7EDEFE2C670C1A00055C43 /* Tests iOS */,
				FF7EDF092C670C1A00055C43 /* Tests macOS */,
				FF7EDEEC2C670C1A00055C43 /* Products */,
			);
			sourceTree = "<group>";
		};
		FF7EDEE32C670C1000055C43 /* Shared */ = {
			isa = PBXGroup;
			children = (
				FF7EDEE42C670C1000055C43 /* FocusFlowApp.swift */,
				FF7EDF242C670C7A00055C43 /* MainScreenView.swift */,
				FF7EDF212C670C7A00055C43 /* Task.swift */,
				FFBDB4D32C67260300574B1C /* CountdownView.swift */,
				FF7EDF222C670C7A00055C43 /* TaskCreationView.swift */,
				FF7EDF232C670C7A00055C43 /* TaskListView.swift */,
				FF7EDEE62C670C1A00055C43 /* Assets.xcassets */,
			);
			path = Shared;
			sourceTree = "<group>";
		};
		FF7EDEEC2C670C1A00055C43 /* Products */ = {
			isa = PBXGroup;
			children = (
				FF7EDEEB2C670C1A00055C43 /* FocusFlow.app */,
				FF7EDEF32C670C1A00055C43 /* FocusFlow.app */,
				FF7EDEFB2C670C1A00055C43 /* Tests iOS.xctest */,
				FF7EDF062C670C1A00055C43 /* Tests macOS.xctest */,
			);
			name = Products;
			sourceTree = "<group>";
		};
		FF7EDEED2C670C1A00055C43 /* iOS */ = {
			isa = PBXGroup;
			children = (
				FF7EDEEE2C670C1A00055C43 /* Info.plist */,
			);
			path = iOS;
			sourceTree = "<group>";
		};
		FF7EDEF42C670C1A00055C43 /* macOS */ = {
			isa = PBXGroup;
			children = (
				FF7EDEF52C670C1A00055C43 /* Info.plist */,
				FF7EDEF62C670C1A00055C43 /* macOS.entitlements */,
			);
			path = macOS;
			sourceTree = "<group>";
		};
		FF7EDEFE2C670C1A00055C43 /* Tests iOS */ = {
			isa = PBXGroup;
			children = (
				FF7EDEFF2C670C1A00055C43 /* Tests_iOS.swift */,
				FF7EDF012C670C1A00055C43 /* Info.plist */,
			);
			path = "Tests iOS";
			sourceTree = "<group>";
		};
		FF7EDF092C670C1A00055C43 /* Tests macOS */ = {
			isa = PBXGroup;
			children = (
				FF7EDF0A2C670C1A00055C43 /* Tests_macOS.swift */,
				FF7EDF0C2C670C1A00055C43 /* Info.plist */,
			);
			path = "Tests macOS";
			sourceTree = "<group>";
		};
/* End PBXGroup section */

/* Begin PBXNativeTarget section */
		FF7EDEEA2C670C1A00055C43 /* FocusFlow (iOS) */ = {
			isa = PBXNativeTarget;
			buildConfigurationList = FF7EDF152C670C1A00055C43 /* Build configuration list for PBXNativeTarget "FocusFlow (iOS)" */;
			buildPhases = (
				FF7EDEE72C670C1A00055C43 /* Sources */,
				FF7EDEE82C670C1A00055C43 /* Frameworks */,
				FF7EDEE92C670C1A00055C43 /* Resources */,
			);
			buildRules = (
			);
			dependencies = (
			);
			name = "FocusFlow (iOS)";
			productName = "FocusFlow (iOS)";
			productReference = FF7EDEEB2C670C1A00055C43 /* FocusFlow.app */;
			productType = "com.apple.product-type.application";
		};
		FF7EDEF22C670C1A00055C43 /* FocusFlow (macOS) */ = {
			isa = PBXNativeTarget;
			buildConfigurationList = FF7EDF182C670C1A00055C43 /* Build configuration list for PBXNativeTarget "FocusFlow (macOS)" */;
			buildPhases = (
				FF7EDEEF2C670C1A00055C43 /* Sources */,
				FF7EDEF02C670C1A00055C43 /* Frameworks */,
				FF7EDEF12C670C1A00055C43 /* Resources */,
			);
			buildRules = (
			);
			dependencies = (
			);
			name = "FocusFlow (macOS)";
			productName = "FocusFlow (macOS)";
			productReference = FF7EDEF32C670C1A00055C43 /* FocusFlow.app */;
			productType = "com.apple.product-type.application";
		};
		FF7EDEFA2C670C1A00055C43 /* Tests iOS */ = {
			isa = PBXNativeTarget;
			buildConfigurationList = FF7EDF1B2C670C1A00055C43 /* Build configuration list for PBXNativeTarget "Tests iOS" */;
			buildPhases = (
				FF7EDEF72C670C1A00055C43 /* Sources */,
				FF7EDEF82C670C1A00055C43 /* Frameworks */,
				FF7EDEF92C670C1A00055C43 /* Resources */,
			);
			buildRules = (
			);
			dependencies = (
				FF7EDEFD2C670C1A00055C43 /* PBXTargetDependency */,
			);
			name = "Tests iOS";
			productName = "Tests iOS";
			productReference = FF7EDEFB2C670C1A00055C43 /* Tests iOS.xctest */;
			productType = "com.apple.product-type.bundle.ui-testing";
		};
		FF7EDF052C670C1A00055C43 /* Tests macOS */ = {
			isa = PBXNativeTarget;
			buildConfigurationList = FF7EDF1E2C670C1A00055C43 /* Build configuration list for PBXNativeTarget "Tests macOS" */;
			buildPhases = (
				FF7EDF022C670C1A00055C43 /* Sources */,
				FF7EDF032C670C1A00055C43 /* Frameworks */,
				FF7EDF042C670C1A00055C43 /* Resources */,
			);
			buildRules = (
			);
			dependencies = (
				FF7EDF082C670C1A00055C43 /* PBXTargetDependency */,
			);
			name = "Tests macOS";
			productName = "Tests macOS";
			productReference = FF7EDF062C670C1A00055C43 /* Tests macOS.xctest */;
			productType = "com.apple.product-type.bundle.ui-testing";
		};
/* End PBXNativeTarget section */

/* Begin PBXProject section */
		FF7EDEDF2C670C0F00055C43 /* Project object */ = {
			isa = PBXProject;
			attributes = {
				LastSwiftUpdateCheck = 1250;
				LastUpgradeCheck = 1250;
				TargetAttributes = {
					FF7EDEEA2C670C1A00055C43 = {
						CreatedOnToolsVersion = 12.5.1;
					};
					FF7EDEF22C670C1A00055C43 = {
						CreatedOnToolsVersion = 12.5.1;
					};
					FF7EDEFA2C670C1A00055C43 = {
						CreatedOnToolsVersion = 12.5.1;
						TestTargetID = FF7EDEEA2C670C1A00055C43;
					};
					FF7EDF052C670C1A00055C43 = {
						CreatedOnToolsVersion = 12.5.1;
						TestTargetID = FF7EDEF22C670C1A00055C43;
					};
				};
			};
			buildConfigurationList = FF7EDEE22C670C0F00055C43 /* Build configuration list for PBXProject "FocusFlow" */;
			compatibilityVersion = "Xcode 9.3";
			developmentRegion = en;
			hasScannedForEncodings = 0;
			knownRegions = (
				en,
				Base,
			);
			mainGroup = FF7EDEDE2C670C0F00055C43;
			productRefGroup = FF7EDEEC2C670C1A00055C43 /* Products */;
			projectDirPath = "";
			projectRoot = "";
			targets = (
				FF7EDEEA2C670C1A00055C43 /* FocusFlow (iOS) */,
				FF7EDEF22C670C1A00055C43 /* FocusFlow (macOS) */,
				FF7EDEFA2C670C1A00055C43 /* Tests iOS */,
				FF7EDF052C670C1A00055C43 /* Tests macOS */,
			);
		};
/* End PBXProject section */

/* Begin PBXResourcesBuildPhase section */
		FF7EDEE92C670C1A00055C43 /* Resources */ = {
			isa = PBXResourcesBuildPhase;
			buildActionMask = 2147483647;
			files = (
				FF7EDF112C670C1A00055C43 /* Assets.xcassets in Resources */,
			);
			runOnlyForDeploymentPostprocessing = 0;
		};
		FF7EDEF12C670C1A00055C43 /* Resources */ = {
			isa = PBXResourcesBuildPhase;
			buildActionMask = 2147483647;
			files = (
				FF7EDF122C670C1A00055C43 /* Assets.xcassets in Resources */,
			);
			runOnlyForDeploymentPostprocessing = 0;
		};
		FF7EDEF92C670C1A00055C43 /* Resources */ = {
			isa = PBXResourcesBuildPhase;
			buildActionMask = 2147483647;
			files = (
			);
			runOnlyForDeploymentPostprocessing = 0;
		};
		FF7EDF042C670C1A00055C43 /* Resources */ = {
			isa = PBXResourcesBuildPhase;
			buildActionMask = 2147483647;
			files = (
			);
			runOnlyForDeploymentPostprocessing = 0;
		};
/* End PBXResourcesBuildPhase section */

/* Begin PBXSourcesBuildPhase section */
		FF7EDEE72C670C1A00055C43 /* Sources */ = {
			isa = PBXSourcesBuildPhase;
			buildActionMask = 2147483647;
			files = (
				FFBDB4D42C67260300574B1C /* CountdownView.swift in Sources */,
				FF7EDF272C670C7A00055C43 /* TaskCreationView.swift in Sources */,
				FF7EDF2B2C670C7A00055C43 /* MainScreenView.swift in Sources */,
				FF7EDF292C670C7A00055C43 /* TaskListView.swift in Sources */,
				FF7EDF252C670C7A00055C43 /* Task.swift in Sources */,
				FF7EDF0D2C670C1A00055C43 /* FocusFlowApp.swift in Sources */,
			);
			runOnlyForDeploymentPostprocessing = 0;
		};
		FF7EDEEF2C670C1A00055C43 /* Sources */ = {
			isa = PBXSourcesBuildPhase;
			buildActionMask = 2147483647;
			files = (
				FFBDB4D52C67260300574B1C /* CountdownView.swift in Sources */,
				FF7EDF282C670C7A00055C43 /* TaskCreationView.swift in Sources */,
				FF7EDF2C2C670C7A00055C43 /* MainScreenView.swift in Sources */,
				FF7EDF2A2C670C7A00055C43 /* TaskListView.swift in Sources */,
				FF7EDF262C670C7A00055C43 /* Task.swift in Sources */,
				FF7EDF0E2C670C1A00055C43 /* FocusFlowApp.swift in Sources */,
			);
			runOnlyForDeploymentPostprocessing = 0;
		};
		FF7EDEF72C670C1A00055C43 /* Sources */ = {
			isa = PBXSourcesBuildPhase;
			buildActionMask = 2147483647;
			files = (
				FF7EDF002C670C1A00055C43 /* Tests_iOS.swift in Sources */,
			);
			runOnlyForDeploymentPostprocessing = 0;
		};
		FF7EDF022C670C1A00055C43 /* Sources */ = {
			isa = PBXSourcesBuildPhase;
			buildActionMask = 2147483647;
			files = (
				FF7EDF0B2C670C1A00055C43 /* Tests_macOS.swift in Sources */,
			);
			runOnlyForDeploymentPostprocessing = 0;
		};
/* End PBXSourcesBuildPhase section */

/* Begin PBXTargetDependency section */
		FF7EDEFD2C670C1A00055C43 /* PBXTargetDependency */ = {
			isa = PBXTargetDependency;
			target = FF7EDEEA2C670C1A00055C43 /* FocusFlow (iOS) */;
			targetProxy = FF7EDEFC2C670C1A00055C43 /* PBXContainerItemProxy */;
		};
		FF7EDF082C670C1A00055C43 /* PBXTargetDependency */ = {
			isa = PBXTargetDependency;
			target = FF7EDEF22C670C1A00055C43 /* FocusFlow (macOS) */;
			targetProxy = FF7EDF072C670C1A00055C43 /* PBXContainerItemProxy */;
		};
/* End PBXTargetDependency section */

/* Begin XCBuildConfiguration section */
		FF7EDF132C670C1A00055C43 /* Debug */ = {
			isa = XCBuildConfiguration;
			buildSettings = {
				ALWAYS_SEARCH_USER_PATHS = NO;
				CLANG_ANALYZER_NONNULL = YES;
				CLANG_ANALYZER_NUMBER_OBJECT_CONVERSION = YES_AGGRESSIVE;
				CLANG_CXX_LANGUAGE_STANDARD = "gnu++14";
				CLANG_CXX_LIBRARY = "libc++";
				CLANG_ENABLE_MODULES = YES;
				CLANG_ENABLE_OBJC_ARC = YES;
				CLANG_ENABLE_OBJC_WEAK = YES;
				CLANG_WARN_BLOCK_CAPTURE_AUTORELEASING = YES;
				CLANG_WARN_BOOL_CONVERSION = YES;
				CLANG_WARN_COMMA = YES;
				CLANG_WARN_CONSTANT_CONVERSION = YES;
				CLANG_WARN_DEPRECATED_OBJC_IMPLEMENTATIONS = YES;
				CLANG_WARN_DIRECT_OBJC_ISA_USAGE = YES_ERROR;
				CLANG_WARN_DOCUMENTATION_COMMENTS = YES;
				CLANG_WARN_EMPTY_BODY = YES;
				CLANG_WARN_ENUM_CONVERSION = YES;
				CLANG_WARN_INFINITE_RECURSION = YES;
				CLANG_WARN_INT_CONVERSION = YES;
				CLANG_WARN_NON_LITERAL_NULL_CONVERSION = YES;
				CLANG_WARN_OBJC_IMPLICIT_RETAIN_SELF = YES;
				CLANG_WARN_OBJC_LITERAL_CONVERSION = YES;
				CLANG_WARN_OBJC_ROOT_CLASS = YES_ERROR;
				CLANG_WARN_QUOTED_INCLUDE_IN_FRAMEWORK_HEADER = YES;
				CLANG_WARN_RANGE_LOOP_ANALYSIS = YES;
				CLANG_WARN_STRICT_PROTOTYPES = YES;
				CLANG_WARN_SUSPICIOUS_MOVE = YES;
				CLANG_WARN_UNGUARDED_AVAILABILITY = YES_AGGRESSIVE;
				CLANG_WARN_UNREACHABLE_CODE = YES;
				CLANG_WARN__DUPLICATE_METHOD_MATCH = YES;
				COPY_PHASE_STRIP = NO;
				DEBUG_INFORMATION_FORMAT = dwarf;
				ENABLE_STRICT_OBJC_MSGSEND = YES;
				ENABLE_TESTABILITY = YES;
				GCC_C_LANGUAGE_STANDARD = gnu11;
				GCC_DYNAMIC_NO_PIC = NO;
				GCC_NO_COMMON_BLOCKS = YES;
				GCC_OPTIMIZATION_LEVEL = 0;
				GCC_PREPROCESSOR_DEFINITIONS = (
					"DEBUG=1",
					"$(inherited)",
				);
				GCC_WARN_64_TO_32_BIT_CONVERSION = YES;
				GCC_WARN_ABOUT_RETURN_TYPE = YES_ERROR;
				GCC_WARN_UNDECLARED_SELECTOR = YES;
				GCC_WARN_UNINITIALIZED_AUTOS = YES_AGGRESSIVE;
				GCC_WARN_UNUSED_FUNCTION = YES;
				GCC_WARN_UNUSED_VARIABLE = YES;
				MTL_ENABLE_DEBUG_INFO = INCLUDE_SOURCE;
				MTL_FAST_MATH = YES;
				ONLY_ACTIVE_ARCH = YES;
				SWIFT_ACTIVE_COMPILATION_CONDITIONS = DEBUG;
				SWIFT_OPTIMIZATION_LEVEL = "-Onone";
			};
			name = Debug;
		};
		FF7EDF142C670C1A00055C43 /* Release */ = {
			isa = XCBuildConfiguration;
			buildSettings = {
				ALWAYS_SEARCH_USER_PATHS = NO;
				CLANG_ANALYZER_NONNULL = YES;
				CLANG_ANALYZER_NUMBER_OBJECT_CONVERSION = YES_AGGRESSIVE;
				CLANG_CXX_LANGUAGE_STANDARD = "gnu++14";
				CLANG_CXX_LIBRARY = "libc++";
				CLANG_ENABLE_MODULES = YES;
				CLANG_ENABLE_OBJC_ARC = YES;
				CLANG_ENABLE_OBJC_WEAK = YES;
				CLANG_WARN_BLOCK_CAPTURE_AUTORELEASING = YES;
				CLANG_WARN_BOOL_CONVERSION = YES;
				CLANG_WARN_COMMA = YES;
				CLANG_WARN_CONSTANT_CONVERSION = YES;
				CLANG_WARN_DEPRECATED_OBJC_IMPLEMENTATIONS = YES;
				CLANG_WARN_DIRECT_OBJC_ISA_USAGE = YES_ERROR;
				CLANG_WARN_DOCUMENTATION_COMMENTS = YES;
				CLANG_WARN_EMPTY_BODY = YES;
				CLANG_WARN_ENUM_CONVERSION = YES;
				CLANG_WARN_INFINITE_RECURSION = YES;
				CLANG_WARN_INT_CONVERSION = YES;
				CLANG_WARN_NON_LITERAL_NULL_CONVERSION = YES;
				CLANG_WARN_OBJC_IMPLICIT_RETAIN_SELF = YES;
				CLANG_WARN_OBJC_LITERAL_CONVERSION = YES;
				CLANG_WARN_OBJC_ROOT_CLASS = YES_ERROR;
				CLANG_WARN_QUOTED_INCLUDE_IN_FRAMEWORK_HEADER = YES;
				CLANG_WARN_RANGE_LOOP_ANALYSIS = YES;
				CLANG_WARN_STRICT_PROTOTYPES = YES;
				CLANG_WARN_SUSPICIOUS_MOVE = YES;
				CLANG_WARN_UNGUARDED_AVAILABILITY = YES_AGGRESSIVE;
				CLANG_WARN_UNREACHABLE_CODE = YES;
				CLANG_WARN__DUPLICATE_METHOD_MATCH = YES;
				COPY_PHASE_STRIP = NO;
				DEBUG_INFORMATION_FORMAT = "dwarf-with-dsym";
				ENABLE_NS_ASSERTIONS = NO;
				ENABLE_STRICT_OBJC_MSGSEND = YES;
				GCC_C_LANGUAGE_STANDARD = gnu11;
				GCC_NO_COMMON_BLOCKS = YES;
				GCC_WARN_64_TO_32_BIT_CONVERSION = YES;
				GCC_WARN_ABOUT_RETURN_TYPE = YES_ERROR;
				GCC_WARN_UNDECLARED_SELECTOR = YES;
				GCC_WARN_UNINITIALIZED_AUTOS = YES_AGGRESSIVE;
				GCC_WARN_UNUSED_FUNCTION = YES;
				GCC_WARN_UNUSED_VARIABLE = YES;
				MTL_ENABLE_DEBUG_INFO = NO;
				MTL_FAST_MATH = YES;
				SWIFT_COMPILATION_MODE = wholemodule;
				SWIFT_OPTIMIZATION_LEVEL = "-O";
			};
			name = Release;
		};
		FF7EDF162C670C1A00055C43 /* Debug */ = {
			isa = XCBuildConfiguration;
			buildSettings = {
				ASSETCATALOG_COMPILER_APPICON_NAME = AppIcon;
				ASSETCATALOG_COMPILER_GLOBAL_ACCENT_COLOR_NAME = AccentColor;
				CODE_SIGN_STYLE = Automatic;
				DEVELOPMENT_TEAM = VBYHTV6L9T;
				ENABLE_PREVIEWS = YES;
				INFOPLIST_FILE = iOS/Info.plist;
				IPHONEOS_DEPLOYMENT_TARGET = 14.0;
				LD_RUNPATH_SEARCH_PATHS = (
					"$(inherited)",
					"@executable_path/Frameworks",
				);
				PRODUCT_BUNDLE_IDENTIFIER = com.noturlluvia.FocusFlow;
				PRODUCT_NAME = FocusFlow;
				SDKROOT = iphoneos;
				SWIFT_VERSION = 5.0;
				TARGETED_DEVICE_FAMILY = "1,2";
			};
			name = Debug;
		};
		FF7EDF172C670C1A00055C43 /* Release */ = {
			isa = XCBuildConfiguration;
			buildSettings = {
				ASSETCATALOG_COMPILER_APPICON_NAME = AppIcon;
				ASSETCATALOG_COMPILER_GLOBAL_ACCENT_COLOR_NAME = AccentColor;
				CODE_SIGN_STYLE = Automatic;
				DEVELOPMENT_TEAM = VBYHTV6L9T;
				ENABLE_PREVIEWS = YES;
				INFOPLIST_FILE = iOS/Info.plist;
				IPHONEOS_DEPLOYMENT_TARGET = 14.0;
				LD_RUNPATH_SEARCH_PATHS = (
					"$(inherited)",
					"@executable_path/Frameworks",
				);
				PRODUCT_BUNDLE_IDENTIFIER = com.noturlluvia.FocusFlow;
				PRODUCT_NAME = FocusFlow;
				SDKROOT = iphoneos;
				SWIFT_VERSION = 5.0;
				TARGETED_DEVICE_FAMILY = "1,2";
				VALIDATE_PRODUCT = YES;
			};
			name = Release;
		};
		FF7EDF192C670C1A00055C43 /* Debug */ = {
			isa = XCBuildConfiguration;
			buildSettings = {
				ASSETCATALOG_COMPILER_APPICON_NAME = AppIcon;
				ASSETCATALOG_COMPILER_GLOBAL_ACCENT_COLOR_NAME = AccentColor;
				CODE_SIGN_ENTITLEMENTS = macOS/macOS.entitlements;
				CODE_SIGN_STYLE = Automatic;
				COMBINE_HIDPI_IMAGES = YES;
				DEVELOPMENT_TEAM = VBYHTV6L9T;
				ENABLE_HARDENED_RUNTIME = YES;
				ENABLE_PREVIEWS = YES;
				INFOPLIST_FILE = macOS/Info.plist;
				LD_RUNPATH_SEARCH_PATHS = (
					"$(inherited)",
					"@executable_path/../Frameworks",
				);
				MACOSX_DEPLOYMENT_TARGET = 11.0;
				PRODUCT_BUNDLE_IDENTIFIER = com.noturlluvia.FocusFlow;
				PRODUCT_NAME = FocusFlow;
				SDKROOT = macosx;
				SWIFT_VERSION = 5.0;
			};
			name = Debug;
		};
		FF7EDF1A2C670C1A00055C43 /* Release */ = {
			isa = XCBuildConfiguration;
			buildSettings = {
				ASSETCATALOG_COMPILER_APPICON_NAME = AppIcon;
				ASSETCATALOG_COMPILER_GLOBAL_ACCENT_COLOR_NAME = AccentColor;
				CODE_SIGN_ENTITLEMENTS = macOS/macOS.entitlements;
				CODE_SIGN_STYLE = Automatic;
				COMBINE_HIDPI_IMAGES = YES;
				DEVELOPMENT_TEAM = VBYHTV6L9T;
				ENABLE_HARDENED_RUNTIME = YES;
				ENABLE_PREVIEWS = YES;
				INFOPLIST_FILE = macOS/Info.plist;
				LD_RUNPATH_SEARCH_PATHS = (
					"$(inherited)",
					"@executable_path/../Frameworks",
				);
				MACOSX_DEPLOYMENT_TARGET = 11.0;
				PRODUCT_BUNDLE_IDENTIFIER = com.noturlluvia.FocusFlow;
				PRODUCT_NAME = FocusFlow;
				SDKROOT = macosx;
				SWIFT_VERSION = 5.0;
			};
			name = Release;
		};
		FF7EDF1C2C670C1A00055C43 /* Debug */ = {
			isa = XCBuildConfiguration;
			buildSettings = {
				ALWAYS_EMBED_SWIFT_STANDARD_LIBRARIES = YES;
				CODE_SIGN_STYLE = Automatic;
				DEVELOPMENT_TEAM = VBYHTV6L9T;
				INFOPLIST_FILE = "Tests iOS/Info.plist";
				IPHONEOS_DEPLOYMENT_TARGET = 14.5;
				LD_RUNPATH_SEARCH_PATHS = (
					"$(inherited)",
					"@executable_path/Frameworks",
					"@loader_path/Frameworks",
				);
				PRODUCT_BUNDLE_IDENTIFIER = "com.noturlluvia.Tests-iOS";
				PRODUCT_NAME = "$(TARGET_NAME)";
				SDKROOT = iphoneos;
				SWIFT_VERSION = 5.0;
				TARGETED_DEVICE_FAMILY = "1,2";
				TEST_TARGET_NAME = "FocusFlow (iOS)";
			};
			name = Debug;
		};
		FF7EDF1D2C670C1A00055C43 /* Release */ = {
			isa = XCBuildConfiguration;
			buildSettings = {
				ALWAYS_EMBED_SWIFT_STANDARD_LIBRARIES = YES;
				CODE_SIGN_STYLE = Automatic;
				DEVELOPMENT_TEAM = VBYHTV6L9T;
				INFOPLIST_FILE = "Tests iOS/Info.plist";
				IPHONEOS_DEPLOYMENT_TARGET = 14.5;
				LD_RUNPATH_SEARCH_PATHS = (
					"$(inherited)",
					"@executable_path/Frameworks",
					"@loader_path/Frameworks",
				);
				PRODUCT_BUNDLE_IDENTIFIER = "com.noturlluvia.Tests-iOS";
				PRODUCT_NAME = "$(TARGET_NAME)";
				SDKROOT = iphoneos;
				SWIFT_VERSION = 5.0;
				TARGETED_DEVICE_FAMILY = "1,2";
				TEST_TARGET_NAME = "FocusFlow (iOS)";
				VALIDATE_PRODUCT = YES;
			};
			name = Release;
		};
		FF7EDF1F2C670C1A00055C43 /* Debug */ = {
			isa = XCBuildConfiguration;
			buildSettings = {
				ALWAYS_EMBED_SWIFT_STANDARD_LIBRARIES = YES;
				CODE_SIGN_STYLE = Automatic;
				COMBINE_HIDPI_IMAGES = YES;
				DEVELOPMENT_TEAM = VBYHTV6L9T;
				INFOPLIST_FILE = "Tests macOS/Info.plist";
				LD_RUNPATH_SEARCH_PATHS = (
					"$(inherited)",
					"@executable_path/../Frameworks",
					"@loader_path/../Frameworks",
				);
				MACOSX_DEPLOYMENT_TARGET = 11.3;
				PRODUCT_BUNDLE_IDENTIFIER = "com.noturlluvia.Tests-macOS";
				PRODUCT_NAME = "$(TARGET_NAME)";
				SDKROOT = macosx;
				SWIFT_VERSION = 5.0;
				TEST_TARGET_NAME = "FocusFlow (macOS)";
			};
			name = Debug;
		};
		FF7EDF202C670C1A00055C43 /* Release */ = {
			isa = XCBuildConfiguration;
			buildSettings = {
				ALWAYS_EMBED_SWIFT_STANDARD_LIBRARIES = YES;
				CODE_SIGN_STYLE = Automatic;
				COMBINE_HIDPI_IMAGES = YES;
				DEVELOPMENT_TEAM = VBYHTV6L9T;
				INFOPLIST_FILE = "Tests macOS/Info.plist";
				LD_RUNPATH_SEARCH_PATHS = (
					"$(inherited)",
					"@executable_path/../Frameworks",
					"@loader_path/../Frameworks",
				);
				MACOSX_DEPLOYMENT_TARGET = 11.3;
				PRODUCT_BUNDLE_IDENTIFIER = "com.noturlluvia.Tests-macOS";
				PRODUCT_NAME = "$(TARGET_NAME)";
				SDKROOT = macosx;
				SWIFT_VERSION = 5.0;
				TEST_TARGET_NAME = "FocusFlow (macOS)";
			};
			name = Release;
		};
/* End XCBuildConfiguration section */

/* Begin XCConfigurationList section */
		FF7EDEE22C670C0F00055C43 /* Build configuration list for PBXProject "FocusFlow" */ = {
			isa = XCConfigurationList;
			buildConfigurations = (
				FF7EDF132C670C1A00055C43 /* Debug */,
				FF7EDF142C670C1A00055C43 /* Release */,
			);
			defaultConfigurationIsVisible = 0;
			defaultConfigurationName = Release;
		};
		FF7EDF152C670C1A00055C43 /* Build configuration list for PBXNativeTarget "FocusFlow (iOS)" */ = {
			isa = XCConfigurationList;
			buildConfigurations = (
				FF7EDF162C670C1A00055C43 /* Debug */,
				FF7EDF172C670C1A00055C43 /* Release */,
			);
			defaultConfigurationIsVisible = 0;
			defaultConfigurationName = Release;
		};
		FF7EDF182C670C1A00055C43 /* Build configuration list for PBXNativeTarget "FocusFlow (macOS)" */ = {
			isa = XCConfigurationList;
			buildConfigurations = (
				FF7EDF192C670C1A00055C43 /* Debug */,
				FF7EDF1A2C670C1A00055C43 /* Release */,
			);
			defaultConfigurationIsVisible = 0;
			defaultConfigurationName = Release;
		};
		FF7EDF1B2C670C1A00055C43 /* Build configuration list for PBXNativeTarget "Tests iOS" */ = {
			isa = XCConfigurationList;
			buildConfigurations = (
				FF7EDF1C2C670C1A00055C43 /* Debug */,
				FF7EDF1D2C670C1A00055C43 /* Release */,
			);
			defaultConfigurationIsVisible = 0;
			defaultConfigurationName = Release;
		};
		FF7EDF1E2C670C1A00055C43 /* Build configuration list for PBXNativeTarget "Tests macOS" */ = {
			isa = XCConfigurationList;
			buildConfigurations = (
				FF7EDF1F2C670C1A00055C43 /* Debug */,
				FF7EDF202C670C1A00055C43 /* Release */,
			);
			defaultConfigurationIsVisible = 0;
			defaultConfigurationName = Release;
		};
/* End XCConfigurationList section */
	};
	rootObject = FF7EDEDF2C670C0F00055C43 /* Project object */;
}
